
Microsoft Visual Studio Solution File, Format Version 12.00
# Visual Studio Version 16
VisualStudioVersion = 16.0.30225.117
MinimumVisualStudioVersion = 10.0.40219.1
Project("{FAE04EC0-301F-11D3-BF4B-00C04F79EFBC}") = "SpreadsheetLedger.Core", "SpreadsheetLedger.Core\SpreadsheetLedger.Core.csproj", "{11D5C726-AF10-47CE-8453-AF15FE9CCBAC}"
EndProject
Project("{FAE04EC0-301F-11D3-BF4B-00C04F79EFBC}") = "SpreadsheetLedger.ExcelAddIn", "SpreadsheetLedger.ExcelAddIn\SpreadsheetLedger.ExcelAddIn.csproj", "{69675415-5E7A-4EF6-BA83-3C64FF82718B}"
EndProject
Project("{FAE04EC0-301F-11D3-BF4B-00C04F79EFBC}") = "SpreadsheetLedger.CoreTests", "SpreadsheetLedger.CoreTests\SpreadsheetLedger.CoreTests.csproj", "{14FB3176-10DB-4E83-920D-61E7BD5F625E}"
EndProject
Project("{2150E333-8FDC-42A3-9474-1A3956D46DE8}") = "Solution Items", "Solution Items", "{367D6E2E-FDBD-41A2-A930-B60DB8DADB33}"
	ProjectSection(SolutionItems) = preProject
		.gitignore = .gitignore
		azure-pipelines.yml = azure-pipelines.yml
		LICENSE = LICENSE
		README.md = README.md
	EndProjectSection
EndProject
Global
	GlobalSection(SolutionConfigurationPlatforms) = preSolution
		Debug|Any CPU = Debug|Any CPU
		Release|Any CPU = Release|Any CPU
	EndGlobalSection
	GlobalSection(ProjectConfigurationPlatforms) = postSolution
		{11D5C726-AF10-47CE-8453-AF15FE9CCBAC}.Debug|Any CPU.ActiveCfg = Debug|Any CPU
		{11D5C726-AF10-47CE-8453-AF15FE9CCBAC}.Debug|Any CPU.Build.0 = Debug|Any CPU
		{11D5C726-AF10-47CE-8453-AF15FE9CCBAC}.Release|Any CPU.ActiveCfg = Release|Any CPU
		{11D5C726-AF10-47CE-8453-AF15FE9CCBAC}.Release|Any CPU.Build.0 = Release|Any CPU
		{69675415-5E7A-4EF6-BA83-3C64FF82718B}.Debug|Any CPU.ActiveCfg = Debug|Any CPU
		{69675415-5E7A-4EF6-BA83-3C64FF82718B}.Debug|Any CPU.Build.0 = Debug|Any CPU
		{69675415-5E7A-4EF6-BA83-3C64FF82718B}.Release|Any CPU.ActiveCfg = Release|Any CPU
		{69675415-5E7A-4EF6-BA83-3C64FF82718B}.Release|Any CPU.Build.0 = Release|Any CPU
		{14FB3176-10DB-4E83-920D-61E7BD5F625E}.Debug|Any CPU.ActiveCfg = Debug|Any CPU
		{14FB3176-10DB-4E83-920D-61E7BD5F625E}.Debug|Any CPU.Build.0 = Debug|Any CPU
		{14FB3176-10DB-4E83-920D-61E7BD5F625E}.Release|Any CPU.ActiveCfg = Release|Any CPU
		{14FB3176-10DB-4E83-920D-61E7BD5F625E}.Release|Any CPU.Build.0 = Release|Any CPU
	EndGlobalSection
	GlobalSection(SolutionProperties) = preSolution
		HideSolutionNode = FALSE
	EndGlobalSection
	GlobalSection(ExtensibilityGlobals) = postSolution
		SolutionGuid = {157CDF9E-F213-47C1-90A0-32816AF793E6}
	EndGlobalSection
EndGlobal
